
Microsoft Visual Studio Solution File, Format Version 12.00
# Visual Studio Version 17
VisualStudioVersion = 17.5.33530.505
MinimumVisualStudioVersion = 10.0.40219.1
Project("{9A19103F-16F7-4668-BE54-9A1E7A4F7556}") = "EmployeeManagementAPI", "EmployeeManagementApp\EmployeeManagementAPI.csproj", "{EF0120EC-E5E2-42E0-ABD0-92340128F8F1}"
EndProject
Project("{2150E333-8FDC-42A3-9474-1A3956D46DE8}") = "Solution Items", "Solution Items", "{7822D011-3C29-4CEC-81B3-A40F2911E651}"
	ProjectSection(SolutionItems) = preProject
		.editorconfig = .editorconfig
	EndProjectSection
EndProject
Global
	GlobalSection(SolutionConfigurationPlatforms) = preSolution
		Debug|Any CPU = Debug|Any CPU
		Release|Any CPU = Release|Any CPU
	EndGlobalSection
	GlobalSection(ProjectConfigurationPlatforms) = postSolution
		{EF0120EC-E5E2-42E0-ABD0-92340128F8F1}.Debug|Any CPU.ActiveCfg = Debug|Any CPU
		{EF0120EC-E5E2-42E0-ABD0-92340128F8F1}.Debug|Any CPU.Build.0 = Debug|Any CPU
		{EF0120EC-E5E2-42E0-ABD0-92340128F8F1}.Release|Any CPU.ActiveCfg = Release|Any CPU
		{EF0120EC-E5E2-42E0-ABD0-92340128F8F1}.Release|Any CPU.Build.0 = Release|Any CPU
	EndGlobalSection
	GlobalSection(SolutionProperties) = preSolution
		HideSolutionNode = FALSE
	EndGlobalSection
	GlobalSection(ExtensibilityGlobals) = postSolution
		SolutionGuid = {55BE25CC-44BB-45EE-89D3-0EC8D2E853E9}
	EndGlobalSection
EndGlobal
